
Microsoft Visual Studio Solution File, Format Version 12.00
# Visual Studio Version 17
VisualStudioVersion = 17.11.35327.3
MinimumVisualStudioVersion = 10.0.40219.1
Project("{FAE04EC0-301F-11D3-BF4B-00C04F79EFBC}") = "dzienniczek", "dzienniczek\dzienniczek.csproj", "{07712FB8-3187-4431-86B8-555E8D5DEEB5}"
EndProject
Global
	GlobalSection(SolutionConfigurationPlatforms) = preSolution
		Debug|Any CPU = Debug|Any CPU
		Release|Any CPU = Release|Any CPU
	EndGlobalSection
	GlobalSection(ProjectConfigurationPlatforms) = postSolution
		{07712FB8-3187-4431-86B8-555E8D5DEEB5}.Debug|Any CPU.ActiveCfg = Debug|Any CPU
		{07712FB8-3187-4431-86B8-555E8D5DEEB5}.Debug|Any CPU.Build.0 = Debug|Any CPU
		{07712FB8-3187-4431-86B8-555E8D5DEEB5}.Release|Any CPU.ActiveCfg = Release|Any CPU
		{07712FB8-3187-4431-86B8-555E8D5DEEB5}.Release|Any CPU.Build.0 = Release|Any CPU
	EndGlobalSection
	GlobalSection(SolutionProperties) = preSolution
		HideSolutionNode = FALSE
	EndGlobalSection
	GlobalSection(ExtensibilityGlobals) = postSolution
		SolutionGuid = {6C6765C3-31CD-4F2E-B87E-F07EC0CF919B}
	EndGlobalSection
EndGlobal
